
Microsoft Visual Studio Solution File, Format Version 12.00
# Visual Studio Version 16
VisualStudioVersion = 16.0.31424.327
MinimumVisualStudioVersion = 10.0.40219.1
Project("{FAE04EC0-301F-11D3-BF4B-00C04F79EFBC}") = "EduCenter", "EduCenter\EduCenter.csproj", "{BA639A10-A40D-46C9-9CF9-9A4BEC03C0EE}"
EndProject
Global
	GlobalSection(SolutionConfigurationPlatforms) = preSolution
		Debug|Any CPU = Debug|Any CPU
		Release|Any CPU = Release|Any CPU
	EndGlobalSection
	GlobalSection(ProjectConfigurationPlatforms) = postSolution
		{BA639A10-A40D-46C9-9CF9-9A4BEC03C0EE}.Debug|Any CPU.ActiveCfg = Debug|Any CPU
		{BA639A10-A40D-46C9-9CF9-9A4BEC03C0EE}.Debug|Any CPU.Build.0 = Debug|Any CPU
		{BA639A10-A40D-46C9-9CF9-9A4BEC03C0EE}.Release|Any CPU.ActiveCfg = Release|Any CPU
		{BA639A10-A40D-46C9-9CF9-9A4BEC03C0EE}.Release|Any CPU.Build.0 = Release|Any CPU
	EndGlobalSection
	GlobalSection(SolutionProperties) = preSolution
		HideSolutionNode = FALSE
	EndGlobalSection
	GlobalSection(ExtensibilityGlobals) = postSolution
		SolutionGuid = {547C07B3-CB45-4F9C-8D0F-475E8073A8F6}
	EndGlobalSection
EndGlobal
